// !$*UTF8*$!
{
	archiveVersion = 1;
	classes = {
	};
	objectVersion = 56;
	objects = {

/* Begin PBXBuildFile section */
		A096BE122C4E4E4600F6026D /* AppDelegate.swift in Sources */ = {isa = PBXBuildFile; fileRef = A096BE112C4E4E4600F6026D /* AppDelegate.swift */; };
		A096BE142C4E4E4600F6026D /* SceneDelegate.swift in Sources */ = {isa = PBXBuildFile; fileRef = A096BE132C4E4E4600F6026D /* SceneDelegate.swift */; };
		A096BE1B2C4E4E4800F6026D /* Assets.xcassets in Resources */ = {isa = PBXBuildFile; fileRef = A096BE1A2C4E4E4800F6026D /* Assets.xcassets */; };
		A096BE1E2C4E4E4800F6026D /* Base in Resources */ = {isa = PBXBuildFile; fileRef = A096BE1D2C4E4E4800F6026D /* Base */; };
		A096BE262C4E4E5800F6026D /* .gitignore in Resources */ = {isa = PBXBuildFile; fileRef = A096BE252C4E4E5800F6026D /* .gitignore */; };
		A096BE282C4E4F3D00F6026D /* APIKey.swift in Sources */ = {isa = PBXBuildFile; fileRef = A096BE272C4E4F3D00F6026D /* APIKey.swift */; };
		A096BE322C4E9D7100F6026D /* TopicViewController.swift in Sources */ = {isa = PBXBuildFile; fileRef = A096BE312C4E9D7100F6026D /* TopicViewController.swift */; };
		A096BE362C4E9D8C00F6026D /* SearchViewController.swift in Sources */ = {isa = PBXBuildFile; fileRef = A096BE352C4E9D8C00F6026D /* SearchViewController.swift */; };
		A096BE392C4E9DA900F6026D /* LikeViewController.swift in Sources */ = {isa = PBXBuildFile; fileRef = A096BE382C4E9DA900F6026D /* LikeViewController.swift */; };
		A096BE3C2C4E9DCB00F6026D /* DetailViewController.swift in Sources */ = {isa = PBXBuildFile; fileRef = A096BE3B2C4E9DCB00F6026D /* DetailViewController.swift */; };
		A096BE3F2C4E9DEB00F6026D /* MainTabBarController.swift in Sources */ = {isa = PBXBuildFile; fileRef = A096BE3E2C4E9DEB00F6026D /* MainTabBarController.swift */; };
		A096BE412C4F10AD00F6026D /* NetworkManager.swift in Sources */ = {isa = PBXBuildFile; fileRef = A096BE402C4F10AD00F6026D /* NetworkManager.swift */; };
		A096BE452C4F21B800F6026D /* Photo.swift in Sources */ = {isa = PBXBuildFile; fileRef = A096BE442C4F21B800F6026D /* Photo.swift */; };
		A0D1EA7C2C4F66CE006C3CC6 /* BaseViewController.swift in Sources */ = {isa = PBXBuildFile; fileRef = A0D1EA7B2C4F66CE006C3CC6 /* BaseViewController.swift */; };
		A0D1EA7E2C4F67A5006C3CC6 /* BaseTableViewCell.swift in Sources */ = {isa = PBXBuildFile; fileRef = A0D1EA7D2C4F67A5006C3CC6 /* BaseTableViewCell.swift */; };
		A0D1EA802C4F67BD006C3CC6 /* BaseCollectionViewCell.swift in Sources */ = {isa = PBXBuildFile; fileRef = A0D1EA7F2C4F67BD006C3CC6 /* BaseCollectionViewCell.swift */; };
		A0D1EA822C4F67D8006C3CC6 /* BaseView.swift in Sources */ = {isa = PBXBuildFile; fileRef = A0D1EA812C4F67D8006C3CC6 /* BaseView.swift */; };
		A0D1EAA82C4FDEE3006C3CC6 /* PhotoRequest.swift in Sources */ = {isa = PBXBuildFile; fileRef = A0D1EAA72C4FDEE3006C3CC6 /* PhotoRequest.swift */; };
		A0D1EAAE2C4FF0D9006C3CC6 /* SnapKit in Frameworks */ = {isa = PBXBuildFile; productRef = A0D1EAAD2C4FF0D9006C3CC6 /* SnapKit */; };
		A0D1EAB12C4FF0E1006C3CC6 /* Kingfisher in Frameworks */ = {isa = PBXBuildFile; productRef = A0D1EAB02C4FF0E1006C3CC6 /* Kingfisher */; };
		A0D1EAB42C4FF0EE006C3CC6 /* Alamofire in Frameworks */ = {isa = PBXBuildFile; productRef = A0D1EAB32C4FF0EE006C3CC6 /* Alamofire */; };
		A0D1EAB92C4FFCE9006C3CC6 /* SearchResult.swift in Sources */ = {isa = PBXBuildFile; fileRef = A0D1EAB82C4FFCE9006C3CC6 /* SearchResult.swift */; };
		A0D1EABC2C506C7E006C3CC6 /* Constant.swift in Sources */ = {isa = PBXBuildFile; fileRef = A0D1EABB2C506C7E006C3CC6 /* Constant.swift */; };
		A0D1EABF2C506CF6006C3CC6 /* UIColor+Extension.swift in Sources */ = {isa = PBXBuildFile; fileRef = A0D1EABE2C506CF6006C3CC6 /* UIColor+Extension.swift */; };
		A0D1EAC12C506ECF006C3CC6 /* Sort.swift in Sources */ = {isa = PBXBuildFile; fileRef = A0D1EAC02C506ECF006C3CC6 /* Sort.swift */; };
		A0D1EAE92C50E515006C3CC6 /* SearchCollectionViewCell.swift in Sources */ = {isa = PBXBuildFile; fileRef = A0D1EAE82C50E515006C3CC6 /* SearchCollectionViewCell.swift */; };
		A0D1EAEB2C50E7AA006C3CC6 /* UIButton+Extension.swift in Sources */ = {isa = PBXBuildFile; fileRef = A0D1EAEA2C50E7AA006C3CC6 /* UIButton+Extension.swift */; };
		A0D1EAED2C50EE3B006C3CC6 /* Reusable.swift in Sources */ = {isa = PBXBuildFile; fileRef = A0D1EAEC2C50EE3B006C3CC6 /* Reusable.swift */; };
		A0D1EAF02C51AD5B006C3CC6 /* RealmModel.swift in Sources */ = {isa = PBXBuildFile; fileRef = A0D1EAEF2C51AD5B006C3CC6 /* RealmModel.swift */; };
		A0D1EAF32C51ADC5006C3CC6 /* RealmSwift in Frameworks */ = {isa = PBXBuildFile; productRef = A0D1EAF22C51ADC5006C3CC6 /* RealmSwift */; };
		A0D1EAF52C51AF34006C3CC6 /* LikedItemRepository.swift in Sources */ = {isa = PBXBuildFile; fileRef = A0D1EAF42C51AF34006C3CC6 /* LikedItemRepository.swift */; };
		A0D1EAF82C51C2AA006C3CC6 /* LikeCollectionViewCell.swift in Sources */ = {isa = PBXBuildFile; fileRef = A0D1EAF72C51C2AA006C3CC6 /* LikeCollectionViewCell.swift */; };
/* End PBXBuildFile section */

/* Begin PBXFileReference section */
		A096BE0E2C4E4E4600F6026D /* PickPic.app */ = {isa = PBXFileReference; explicitFileType = wrapper.application; includeInIndex = 0; path = PickPic.app; sourceTree = BUILT_PRODUCTS_DIR; };
		A096BE112C4E4E4600F6026D /* AppDelegate.swift */ = {isa = PBXFileReference; lastKnownFileType = sourcecode.swift; path = AppDelegate.swift; sourceTree = "<group>"; };
		A096BE132C4E4E4600F6026D /* SceneDelegate.swift */ = {isa = PBXFileReference; lastKnownFileType = sourcecode.swift; path = SceneDelegate.swift; sourceTree = "<group>"; };
		A096BE1A2C4E4E4800F6026D /* Assets.xcassets */ = {isa = PBXFileReference; lastKnownFileType = folder.assetcatalog; path = Assets.xcassets; sourceTree = "<group>"; };
		A096BE1D2C4E4E4800F6026D /* Base */ = {isa = PBXFileReference; lastKnownFileType = file.storyboard; name = Base; path = Base.lproj/LaunchScreen.storyboard; sourceTree = "<group>"; };
		A096BE1F2C4E4E4800F6026D /* Info.plist */ = {isa = PBXFileReference; lastKnownFileType = text.plist.xml; name = Info.plist; path = PickPic/Resource/Info.plist; sourceTree = SOURCE_ROOT; };
		A096BE252C4E4E5800F6026D /* .gitignore */ = {isa = PBXFileReference; lastKnownFileType = text; path = .gitignore; sourceTree = "<group>"; };
		A096BE272C4E4F3D00F6026D /* APIKey.swift */ = {isa = PBXFileReference; lastKnownFileType = sourcecode.swift; path = APIKey.swift; sourceTree = "<group>"; };
		A096BE312C4E9D7100F6026D /* TopicViewController.swift */ = {isa = PBXFileReference; lastKnownFileType = sourcecode.swift; path = TopicViewController.swift; sourceTree = "<group>"; };
		A096BE352C4E9D8C00F6026D /* SearchViewController.swift */ = {isa = PBXFileReference; lastKnownFileType = sourcecode.swift; path = SearchViewController.swift; sourceTree = "<group>"; };
		A096BE382C4E9DA900F6026D /* LikeViewController.swift */ = {isa = PBXFileReference; lastKnownFileType = sourcecode.swift; path = LikeViewController.swift; sourceTree = "<group>"; };
		A096BE3B2C4E9DCB00F6026D /* DetailViewController.swift */ = {isa = PBXFileReference; lastKnownFileType = sourcecode.swift; path = DetailViewController.swift; sourceTree = "<group>"; };
		A096BE3E2C4E9DEB00F6026D /* MainTabBarController.swift */ = {isa = PBXFileReference; lastKnownFileType = sourcecode.swift; path = MainTabBarController.swift; sourceTree = "<group>"; };
		A096BE402C4F10AD00F6026D /* NetworkManager.swift */ = {isa = PBXFileReference; lastKnownFileType = sourcecode.swift; path = NetworkManager.swift; sourceTree = "<group>"; };
		A096BE442C4F21B800F6026D /* Photo.swift */ = {isa = PBXFileReference; lastKnownFileType = sourcecode.swift; path = Photo.swift; sourceTree = "<group>"; };
		A0D1EA7B2C4F66CE006C3CC6 /* BaseViewController.swift */ = {isa = PBXFileReference; lastKnownFileType = sourcecode.swift; path = BaseViewController.swift; sourceTree = "<group>"; };
		A0D1EA7D2C4F67A5006C3CC6 /* BaseTableViewCell.swift */ = {isa = PBXFileReference; lastKnownFileType = sourcecode.swift; path = BaseTableViewCell.swift; sourceTree = "<group>"; };
		A0D1EA7F2C4F67BD006C3CC6 /* BaseCollectionViewCell.swift */ = {isa = PBXFileReference; lastKnownFileType = sourcecode.swift; path = BaseCollectionViewCell.swift; sourceTree = "<group>"; };
		A0D1EA812C4F67D8006C3CC6 /* BaseView.swift */ = {isa = PBXFileReference; lastKnownFileType = sourcecode.swift; path = BaseView.swift; sourceTree = "<group>"; };
		A0D1EAA72C4FDEE3006C3CC6 /* PhotoRequest.swift */ = {isa = PBXFileReference; lastKnownFileType = sourcecode.swift; path = PhotoRequest.swift; sourceTree = "<group>"; };
		A0D1EAB82C4FFCE9006C3CC6 /* SearchResult.swift */ = {isa = PBXFileReference; lastKnownFileType = sourcecode.swift; path = SearchResult.swift; sourceTree = "<group>"; };
		A0D1EABB2C506C7E006C3CC6 /* Constant.swift */ = {isa = PBXFileReference; lastKnownFileType = sourcecode.swift; path = Constant.swift; sourceTree = "<group>"; };
		A0D1EABE2C506CF6006C3CC6 /* UIColor+Extension.swift */ = {isa = PBXFileReference; lastKnownFileType = sourcecode.swift; path = "UIColor+Extension.swift"; sourceTree = "<group>"; };
		A0D1EAC02C506ECF006C3CC6 /* Sort.swift */ = {isa = PBXFileReference; lastKnownFileType = sourcecode.swift; path = Sort.swift; sourceTree = "<group>"; };
		A0D1EAE82C50E515006C3CC6 /* SearchCollectionViewCell.swift */ = {isa = PBXFileReference; lastKnownFileType = sourcecode.swift; path = SearchCollectionViewCell.swift; sourceTree = "<group>"; };
		A0D1EAEA2C50E7AA006C3CC6 /* UIButton+Extension.swift */ = {isa = PBXFileReference; lastKnownFileType = sourcecode.swift; path = "UIButton+Extension.swift"; sourceTree = "<group>"; };
		A0D1EAEC2C50EE3B006C3CC6 /* Reusable.swift */ = {isa = PBXFileReference; lastKnownFileType = sourcecode.swift; path = Reusable.swift; sourceTree = "<group>"; };
		A0D1EAEF2C51AD5B006C3CC6 /* RealmModel.swift */ = {isa = PBXFileReference; lastKnownFileType = sourcecode.swift; path = RealmModel.swift; sourceTree = "<group>"; };
		A0D1EAF42C51AF34006C3CC6 /* LikedItemRepository.swift */ = {isa = PBXFileReference; lastKnownFileType = sourcecode.swift; path = LikedItemRepository.swift; sourceTree = "<group>"; };
		A0D1EAF72C51C2AA006C3CC6 /* LikeCollectionViewCell.swift */ = {isa = PBXFileReference; lastKnownFileType = sourcecode.swift; path = LikeCollectionViewCell.swift; sourceTree = "<group>"; };
/* End PBXFileReference section */

/* Begin PBXFrameworksBuildPhase section */
		A096BE0B2C4E4E4600F6026D /* Frameworks */ = {
			isa = PBXFrameworksBuildPhase;
			buildActionMask = 2147483647;
			files = (
				A0D1EAF32C51ADC5006C3CC6 /* RealmSwift in Frameworks */,
				A0D1EAB42C4FF0EE006C3CC6 /* Alamofire in Frameworks */,
				A0D1EAB12C4FF0E1006C3CC6 /* Kingfisher in Frameworks */,
				A0D1EAAE2C4FF0D9006C3CC6 /* SnapKit in Frameworks */,
			);
			runOnlyForDeploymentPostprocessing = 0;
		};
/* End PBXFrameworksBuildPhase section */

/* Begin PBXGroup section */
		A096BE052C4E4E4600F6026D = {
			isa = PBXGroup;
			children = (
				A096BE252C4E4E5800F6026D /* .gitignore */,
				A096BE102C4E4E4600F6026D /* PickPic */,
				A096BE0F2C4E4E4600F6026D /* Products */,
			);
			sourceTree = "<group>";
		};
		A096BE0F2C4E4E4600F6026D /* Products */ = {
			isa = PBXGroup;
			children = (
				A096BE0E2C4E4E4600F6026D /* PickPic.app */,
			);
			name = Products;
			sourceTree = "<group>";
		};
		A096BE102C4E4E4600F6026D /* PickPic */ = {
			isa = PBXGroup;
			children = (
				A096BE292C4E69F000F6026D /* Resource */,
				A096BE2A2C4E708F00F6026D /* App */,
				A096BE2E2C4E710300F6026D /* Global */,
				A096BE2D2C4E70B400F6026D /* Screen */,
			);
			path = PickPic;
			sourceTree = "<group>";
		};
		A096BE292C4E69F000F6026D /* Resource */ = {
			isa = PBXGroup;
			children = (
				A096BE1A2C4E4E4800F6026D /* Assets.xcassets */,
				A096BE1C2C4E4E4800F6026D /* LaunchScreen.storyboard */,
				A096BE1F2C4E4E4800F6026D /* Info.plist */,
			);
			path = Resource;
			sourceTree = "<group>";
		};
		A096BE2A2C4E708F00F6026D /* App */ = {
			isa = PBXGroup;
			children = (
				A096BE112C4E4E4600F6026D /* AppDelegate.swift */,
				A096BE132C4E4E4600F6026D /* SceneDelegate.swift */,
			);
			path = App;
			sourceTree = "<group>";
		};
		A096BE2B2C4E709E00F6026D /* Network */ = {
			isa = PBXGroup;
			children = (
				A096BE272C4E4F3D00F6026D /* APIKey.swift */,
				A096BE402C4F10AD00F6026D /* NetworkManager.swift */,
				A0D1EAA72C4FDEE3006C3CC6 /* PhotoRequest.swift */,
			);
			path = Network;
			sourceTree = "<group>";
		};
		A096BE2C2C4E70A800F6026D /* DB */ = {
			isa = PBXGroup;
			children = (
				A0D1EAEF2C51AD5B006C3CC6 /* RealmModel.swift */,
				A0D1EAF42C51AF34006C3CC6 /* LikedItemRepository.swift */,
			);
			path = DB;
			sourceTree = "<group>";
		};
		A096BE2D2C4E70B400F6026D /* Screen */ = {
			isa = PBXGroup;
			children = (
				A096BE3D2C4E9DD800F6026D /* TabBar */,
				A096BE3A2C4E9DBB00F6026D /* Detail */,
				A096BE372C4E9D9500F6026D /* Like */,
				A096BE342C4E9D7F00F6026D /* Search */,
				A096BE332C4E9D7800F6026D /* Topic */,
			);
			path = Screen;
			sourceTree = "<group>";
		};
		A096BE2E2C4E710300F6026D /* Global */ = {
			isa = PBXGroup;
			children = (
				A0D1EA7A2C4F66BF006C3CC6 /* Base */,
				A0D1EABA2C506C57006C3CC6 /* Constant */,
				A0D1EABD2C506CAF006C3CC6 /* Extension */,
				A096BE302C4E74FF00F6026D /* Enum */,
				A096BE2F2C4E742400F6026D /* Data */,
				A096BE2C2C4E70A800F6026D /* DB */,
				A096BE2B2C4E709E00F6026D /* Network */,
			);
			path = Global;
			sourceTree = "<group>";
		};
		A096BE2F2C4E742400F6026D /* Data */ = {
			isa = PBXGroup;
			children = (
				A096BE442C4F21B800F6026D /* Photo.swift */,
				A0D1EAB82C4FFCE9006C3CC6 /* SearchResult.swift */,
			);
			path = Data;
			sourceTree = "<group>";
		};
		A096BE302C4E74FF00F6026D /* Enum */ = {
			isa = PBXGroup;
			children = (
				A0D1EAC02C506ECF006C3CC6 /* Sort.swift */,
			);
			path = Enum;
			sourceTree = "<group>";
		};
		A096BE332C4E9D7800F6026D /* Topic */ = {
			isa = PBXGroup;
			children = (
				A096BE312C4E9D7100F6026D /* TopicViewController.swift */,
			);
			path = Topic;
			sourceTree = "<group>";
		};
		A096BE342C4E9D7F00F6026D /* Search */ = {
			isa = PBXGroup;
			children = (
				A0D1EAE42C50E256006C3CC6 /* View */,
				A0D1EAE52C50E285006C3CC6 /* Cell */,
			);
			path = Search;
			sourceTree = "<group>";
		};
		A096BE372C4E9D9500F6026D /* Like */ = {
			isa = PBXGroup;
			children = (
				A0D1EAEE2C51AD09006C3CC6 /* View */,
				A0D1EAF62C51C292006C3CC6 /* Cell */,
			);
			path = Like;
			sourceTree = "<group>";
		};
		A096BE3A2C4E9DBB00F6026D /* Detail */ = {
			isa = PBXGroup;
			children = (
				A096BE3B2C4E9DCB00F6026D /* DetailViewController.swift */,
			);
			path = Detail;
			sourceTree = "<group>";
		};
		A096BE3D2C4E9DD800F6026D /* TabBar */ = {
			isa = PBXGroup;
			children = (
				A096BE3E2C4E9DEB00F6026D /* MainTabBarController.swift */,
			);
			path = TabBar;
			sourceTree = "<group>";
		};
		A0D1EA7A2C4F66BF006C3CC6 /* Base */ = {
			isa = PBXGroup;
			children = (
				A0D1EA7B2C4F66CE006C3CC6 /* BaseViewController.swift */,
				A0D1EA7D2C4F67A5006C3CC6 /* BaseTableViewCell.swift */,
				A0D1EA7F2C4F67BD006C3CC6 /* BaseCollectionViewCell.swift */,
				A0D1EA812C4F67D8006C3CC6 /* BaseView.swift */,
			);
			path = Base;
			sourceTree = "<group>";
		};
		A0D1EABA2C506C57006C3CC6 /* Constant */ = {
			isa = PBXGroup;
			children = (
				A0D1EABB2C506C7E006C3CC6 /* Constant.swift */,
			);
			path = Constant;
			sourceTree = "<group>";
		};
		A0D1EABD2C506CAF006C3CC6 /* Extension */ = {
			isa = PBXGroup;
			children = (
				A0D1EABE2C506CF6006C3CC6 /* UIColor+Extension.swift */,
				A0D1EAEA2C50E7AA006C3CC6 /* UIButton+Extension.swift */,
				A0D1EAEC2C50EE3B006C3CC6 /* Reusable.swift */,
			);
			path = Extension;
			sourceTree = "<group>";
		};
		A0D1EAE42C50E256006C3CC6 /* View */ = {
			isa = PBXGroup;
			children = (
				A096BE352C4E9D8C00F6026D /* SearchViewController.swift */,
			);
			path = View;
			sourceTree = "<group>";
		};
		A0D1EAE52C50E285006C3CC6 /* Cell */ = {
			isa = PBXGroup;
			children = (
				A0D1EAE82C50E515006C3CC6 /* SearchCollectionViewCell.swift */,
			);
			name = Cell;
			sourceTree = "<group>";
		};
		A0D1EAEE2C51AD09006C3CC6 /* View */ = {
			isa = PBXGroup;
			children = (
				A096BE382C4E9DA900F6026D /* LikeViewController.swift */,
			);
			path = View;
			sourceTree = "<group>";
		};
		A0D1EAF62C51C292006C3CC6 /* Cell */ = {
			isa = PBXGroup;
			children = (
				A0D1EAF72C51C2AA006C3CC6 /* LikeCollectionViewCell.swift */,
			);
			path = Cell;
			sourceTree = "<group>";
		};
/* End PBXGroup section */

/* Begin PBXNativeTarget section */
		A096BE0D2C4E4E4600F6026D /* PickPic */ = {
			isa = PBXNativeTarget;
			buildConfigurationList = A096BE222C4E4E4800F6026D /* Build configuration list for PBXNativeTarget "PickPic" */;
			buildPhases = (
				A096BE0A2C4E4E4600F6026D /* Sources */,
				A096BE0B2C4E4E4600F6026D /* Frameworks */,
				A096BE0C2C4E4E4600F6026D /* Resources */,
			);
			buildRules = (
			);
			dependencies = (
			);
			name = PickPic;
			packageProductDependencies = (
				A0D1EAAD2C4FF0D9006C3CC6 /* SnapKit */,
				A0D1EAB02C4FF0E1006C3CC6 /* Kingfisher */,
				A0D1EAB32C4FF0EE006C3CC6 /* Alamofire */,
				A0D1EAF22C51ADC5006C3CC6 /* RealmSwift */,
			);
			productName = PickPic;
			productReference = A096BE0E2C4E4E4600F6026D /* PickPic.app */;
			productType = "com.apple.product-type.application";
		};
/* End PBXNativeTarget section */

/* Begin PBXProject section */
		A096BE062C4E4E4600F6026D /* Project object */ = {
			isa = PBXProject;
			attributes = {
				BuildIndependentTargetsInParallel = 1;
				LastSwiftUpdateCheck = 1540;
				LastUpgradeCheck = 1540;
				TargetAttributes = {
					A096BE0D2C4E4E4600F6026D = {
						CreatedOnToolsVersion = 15.4;
					};
				};
			};
			buildConfigurationList = A096BE092C4E4E4600F6026D /* Build configuration list for PBXProject "PickPic" */;
			compatibilityVersion = "Xcode 14.0";
			developmentRegion = en;
			hasScannedForEncodings = 0;
			knownRegions = (
				en,
				Base,
			);
			mainGroup = A096BE052C4E4E4600F6026D;
			packageReferences = (
				A0D1EAAC2C4FF0D9006C3CC6 /* XCRemoteSwiftPackageReference "SnapKit" */,
				A0D1EAAF2C4FF0E1006C3CC6 /* XCRemoteSwiftPackageReference "Kingfisher" */,
				A0D1EAB22C4FF0EE006C3CC6 /* XCRemoteSwiftPackageReference "Alamofire" */,
				A0D1EAF12C51ADC5006C3CC6 /* XCRemoteSwiftPackageReference "realm-swift" */,
			);
			productRefGroup = A096BE0F2C4E4E4600F6026D /* Products */;
			projectDirPath = "";
			projectRoot = "";
			targets = (
				A096BE0D2C4E4E4600F6026D /* PickPic */,
			);
		};
/* End PBXProject section */

/* Begin PBXResourcesBuildPhase section */
		A096BE0C2C4E4E4600F6026D /* Resources */ = {
			isa = PBXResourcesBuildPhase;
			buildActionMask = 2147483647;
			files = (
				A096BE262C4E4E5800F6026D /* .gitignore in Resources */,
				A096BE1B2C4E4E4800F6026D /* Assets.xcassets in Resources */,
				A096BE1E2C4E4E4800F6026D /* Base in Resources */,
			);
			runOnlyForDeploymentPostprocessing = 0;
		};
/* End PBXResourcesBuildPhase section */

/* Begin PBXSourcesBuildPhase section */
		A096BE0A2C4E4E4600F6026D /* Sources */ = {
			isa = PBXSourcesBuildPhase;
			buildActionMask = 2147483647;
			files = (
				A096BE412C4F10AD00F6026D /* NetworkManager.swift in Sources */,
				A0D1EABC2C506C7E006C3CC6 /* Constant.swift in Sources */,
				A0D1EAA82C4FDEE3006C3CC6 /* PhotoRequest.swift in Sources */,
				A0D1EABF2C506CF6006C3CC6 /* UIColor+Extension.swift in Sources */,
				A0D1EAB92C4FFCE9006C3CC6 /* SearchResult.swift in Sources */,
				A0D1EA802C4F67BD006C3CC6 /* BaseCollectionViewCell.swift in Sources */,
				A096BE362C4E9D8C00F6026D /* SearchViewController.swift in Sources */,
				A096BE122C4E4E4600F6026D /* AppDelegate.swift in Sources */,
				A096BE3F2C4E9DEB00F6026D /* MainTabBarController.swift in Sources */,
				A0D1EA7C2C4F66CE006C3CC6 /* BaseViewController.swift in Sources */,
				A096BE282C4E4F3D00F6026D /* APIKey.swift in Sources */,
				A096BE322C4E9D7100F6026D /* TopicViewController.swift in Sources */,
				A0D1EAED2C50EE3B006C3CC6 /* Reusable.swift in Sources */,
				A096BE452C4F21B800F6026D /* Photo.swift in Sources */,
				A096BE142C4E4E4600F6026D /* SceneDelegate.swift in Sources */,
				A0D1EAE92C50E515006C3CC6 /* SearchCollectionViewCell.swift in Sources */,
				A096BE392C4E9DA900F6026D /* LikeViewController.swift in Sources */,
				A0D1EAF82C51C2AA006C3CC6 /* LikeCollectionViewCell.swift in Sources */,
				A0D1EA822C4F67D8006C3CC6 /* BaseView.swift in Sources */,
				A0D1EAC12C506ECF006C3CC6 /* Sort.swift in Sources */,
				A0D1EA7E2C4F67A5006C3CC6 /* BaseTableViewCell.swift in Sources */,
				A0D1EAF52C51AF34006C3CC6 /* LikedItemRepository.swift in Sources */,
				A096BE3C2C4E9DCB00F6026D /* DetailViewController.swift in Sources */,
				A0D1EAEB2C50E7AA006C3CC6 /* UIButton+Extension.swift in Sources */,
				A0D1EAF02C51AD5B006C3CC6 /* RealmModel.swift in Sources */,
			);
			runOnlyForDeploymentPostprocessing = 0;
		};
/* End PBXSourcesBuildPhase section */

/* Begin PBXVariantGroup section */
		A096BE1C2C4E4E4800F6026D /* LaunchScreen.storyboard */ = {
			isa = PBXVariantGroup;
			children = (
				A096BE1D2C4E4E4800F6026D /* Base */,
			);
			name = LaunchScreen.storyboard;
			sourceTree = "<group>";
		};
/* End PBXVariantGroup section */

/* Begin XCBuildConfiguration section */
		A096BE202C4E4E4800F6026D /* Debug */ = {
			isa = XCBuildConfiguration;
			buildSettings = {
				ALWAYS_SEARCH_USER_PATHS = NO;
				ASSETCATALOG_COMPILER_GENERATE_SWIFT_ASSET_SYMBOL_EXTENSIONS = YES;
				CLANG_ANALYZER_NONNULL = YES;
				CLANG_ANALYZER_NUMBER_OBJECT_CONVERSION = YES_AGGRESSIVE;
				CLANG_CXX_LANGUAGE_STANDARD = "gnu++20";
				CLANG_ENABLE_MODULES = YES;
				CLANG_ENABLE_OBJC_ARC = YES;
				CLANG_ENABLE_OBJC_WEAK = YES;
				CLANG_WARN_BLOCK_CAPTURE_AUTORELEASING = YES;
				CLANG_WARN_BOOL_CONVERSION = YES;
				CLANG_WARN_COMMA = YES;
				CLANG_WARN_CONSTANT_CONVERSION = YES;
				CLANG_WARN_DEPRECATED_OBJC_IMPLEMENTATIONS = YES;
				CLANG_WARN_DIRECT_OBJC_ISA_USAGE = YES_ERROR;
				CLANG_WARN_DOCUMENTATION_COMMENTS = YES;
				CLANG_WARN_EMPTY_BODY = YES;
				CLANG_WARN_ENUM_CONVERSION = YES;
				CLANG_WARN_INFINITE_RECURSION = YES;
				CLANG_WARN_INT_CONVERSION = YES;
				CLANG_WARN_NON_LITERAL_NULL_CONVERSION = YES;
				CLANG_WARN_OBJC_IMPLICIT_RETAIN_SELF = YES;
				CLANG_WARN_OBJC_LITERAL_CONVERSION = YES;
				CLANG_WARN_OBJC_ROOT_CLASS = YES_ERROR;
				CLANG_WARN_QUOTED_INCLUDE_IN_FRAMEWORK_HEADER = YES;
				CLANG_WARN_RANGE_LOOP_ANALYSIS = YES;
				CLANG_WARN_STRICT_PROTOTYPES = YES;
				CLANG_WARN_SUSPICIOUS_MOVE = YES;
				CLANG_WARN_UNGUARDED_AVAILABILITY = YES_AGGRESSIVE;
				CLANG_WARN_UNREACHABLE_CODE = YES;
				CLANG_WARN__DUPLICATE_METHOD_MATCH = YES;
				COPY_PHASE_STRIP = NO;
				DEBUG_INFORMATION_FORMAT = dwarf;
				ENABLE_STRICT_OBJC_MSGSEND = YES;
				ENABLE_TESTABILITY = YES;
				ENABLE_USER_SCRIPT_SANDBOXING = YES;
				GCC_C_LANGUAGE_STANDARD = gnu17;
				GCC_DYNAMIC_NO_PIC = NO;
				GCC_NO_COMMON_BLOCKS = YES;
				GCC_OPTIMIZATION_LEVEL = 0;
				GCC_PREPROCESSOR_DEFINITIONS = (
					"DEBUG=1",
					"$(inherited)",
				);
				GCC_WARN_64_TO_32_BIT_CONVERSION = YES;
				GCC_WARN_ABOUT_RETURN_TYPE = YES_ERROR;
				GCC_WARN_UNDECLARED_SELECTOR = YES;
				GCC_WARN_UNINITIALIZED_AUTOS = YES_AGGRESSIVE;
				GCC_WARN_UNUSED_FUNCTION = YES;
				GCC_WARN_UNUSED_VARIABLE = YES;
				IPHONEOS_DEPLOYMENT_TARGET = 17.5;
				LOCALIZATION_PREFERS_STRING_CATALOGS = YES;
				MTL_ENABLE_DEBUG_INFO = INCLUDE_SOURCE;
				MTL_FAST_MATH = YES;
				ONLY_ACTIVE_ARCH = YES;
				SDKROOT = iphoneos;
				SWIFT_ACTIVE_COMPILATION_CONDITIONS = "DEBUG $(inherited)";
				SWIFT_OPTIMIZATION_LEVEL = "-Onone";
			};
			name = Debug;
		};
		A096BE212C4E4E4800F6026D /* Release */ = {
			isa = XCBuildConfiguration;
			buildSettings = {
				ALWAYS_SEARCH_USER_PATHS = NO;
				ASSETCATALOG_COMPILER_GENERATE_SWIFT_ASSET_SYMBOL_EXTENSIONS = YES;
				CLANG_ANALYZER_NONNULL = YES;
				CLANG_ANALYZER_NUMBER_OBJECT_CONVERSION = YES_AGGRESSIVE;
				CLANG_CXX_LANGUAGE_STANDARD = "gnu++20";
				CLANG_ENABLE_MODULES = YES;
				CLANG_ENABLE_OBJC_ARC = YES;
				CLANG_ENABLE_OBJC_WEAK = YES;
				CLANG_WARN_BLOCK_CAPTURE_AUTORELEASING = YES;
				CLANG_WARN_BOOL_CONVERSION = YES;
				CLANG_WARN_COMMA = YES;
				CLANG_WARN_CONSTANT_CONVERSION = YES;
				CLANG_WARN_DEPRECATED_OBJC_IMPLEMENTATIONS = YES;
				CLANG_WARN_DIRECT_OBJC_ISA_USAGE = YES_ERROR;
				CLANG_WARN_DOCUMENTATION_COMMENTS = YES;
				CLANG_WARN_EMPTY_BODY = YES;
				CLANG_WARN_ENUM_CONVERSION = YES;
				CLANG_WARN_INFINITE_RECURSION = YES;
				CLANG_WARN_INT_CONVERSION = YES;
				CLANG_WARN_NON_LITERAL_NULL_CONVERSION = YES;
				CLANG_WARN_OBJC_IMPLICIT_RETAIN_SELF = YES;
				CLANG_WARN_OBJC_LITERAL_CONVERSION = YES;
				CLANG_WARN_OBJC_ROOT_CLASS = YES_ERROR;
				CLANG_WARN_QUOTED_INCLUDE_IN_FRAMEWORK_HEADER = YES;
				CLANG_WARN_RANGE_LOOP_ANALYSIS = YES;
				CLANG_WARN_STRICT_PROTOTYPES = YES;
				CLANG_WARN_SUSPICIOUS_MOVE = YES;
				CLANG_WARN_UNGUARDED_AVAILABILITY = YES_AGGRESSIVE;
				CLANG_WARN_UNREACHABLE_CODE = YES;
				CLANG_WARN__DUPLICATE_METHOD_MATCH = YES;
				COPY_PHASE_STRIP = NO;
				DEBUG_INFORMATION_FORMAT = "dwarf-with-dsym";
				ENABLE_NS_ASSERTIONS = NO;
				ENABLE_STRICT_OBJC_MSGSEND = YES;
				ENABLE_USER_SCRIPT_SANDBOXING = YES;
				GCC_C_LANGUAGE_STANDARD = gnu17;
				GCC_NO_COMMON_BLOCKS = YES;
				GCC_WARN_64_TO_32_BIT_CONVERSION = YES;
				GCC_WARN_ABOUT_RETURN_TYPE = YES_ERROR;
				GCC_WARN_UNDECLARED_SELECTOR = YES;
				GCC_WARN_UNINITIALIZED_AUTOS = YES_AGGRESSIVE;
				GCC_WARN_UNUSED_FUNCTION = YES;
				GCC_WARN_UNUSED_VARIABLE = YES;
				IPHONEOS_DEPLOYMENT_TARGET = 17.5;
				LOCALIZATION_PREFERS_STRING_CATALOGS = YES;
				MTL_ENABLE_DEBUG_INFO = NO;
				MTL_FAST_MATH = YES;
				SDKROOT = iphoneos;
				SWIFT_COMPILATION_MODE = wholemodule;
				VALIDATE_PRODUCT = YES;
			};
			name = Release;
		};
		A096BE232C4E4E4800F6026D /* Debug */ = {
			isa = XCBuildConfiguration;
			buildSettings = {
				ASSETCATALOG_COMPILER_APPICON_NAME = AppIcon;
				ASSETCATALOG_COMPILER_GLOBAL_ACCENT_COLOR_NAME = AccentColor;
				CODE_SIGN_STYLE = Automatic;
				CURRENT_PROJECT_VERSION = 1;
				DEVELOPMENT_TEAM = HP4XA8YZN3;
				GENERATE_INFOPLIST_FILE = YES;
				INFOPLIST_FILE = PickPic/Resource/Info.plist;
				INFOPLIST_KEY_UIApplicationSupportsIndirectInputEvents = YES;
				INFOPLIST_KEY_UILaunchStoryboardName = LaunchScreen;
				INFOPLIST_KEY_UISupportedInterfaceOrientations = UIInterfaceOrientationPortrait;
				IPHONEOS_DEPLOYMENT_TARGET = 15.0;
				LD_RUNPATH_SEARCH_PATHS = (
					"$(inherited)",
					"@executable_path/Frameworks",
				);
				MARKETING_VERSION = 1.0;
				PRODUCT_BUNDLE_IDENTIFIER = com.yeoyeo.PickPic;
				PRODUCT_NAME = "$(TARGET_NAME)";
				SUPPORTED_PLATFORMS = "iphoneos iphonesimulator";
				SUPPORTS_MACCATALYST = NO;
				SUPPORTS_MAC_DESIGNED_FOR_IPHONE_IPAD = NO;
				SUPPORTS_XR_DESIGNED_FOR_IPHONE_IPAD = NO;
				SWIFT_EMIT_LOC_STRINGS = YES;
				SWIFT_VERSION = 5.0;
				TARGETED_DEVICE_FAMILY = 1;
			};
			name = Debug;
		};
		A096BE242C4E4E4800F6026D /* Release */ = {
			isa = XCBuildConfiguration;
			buildSettings = {
				ASSETCATALOG_COMPILER_APPICON_NAME = AppIcon;
				ASSETCATALOG_COMPILER_GLOBAL_ACCENT_COLOR_NAME = AccentColor;
				CODE_SIGN_STYLE = Automatic;
				CURRENT_PROJECT_VERSION = 1;
				DEVELOPMENT_TEAM = HP4XA8YZN3;
				GENERATE_INFOPLIST_FILE = YES;
				INFOPLIST_FILE = PickPic/Resource/Info.plist;
				INFOPLIST_KEY_UIApplicationSupportsIndirectInputEvents = YES;
				INFOPLIST_KEY_UILaunchStoryboardName = LaunchScreen;
				INFOPLIST_KEY_UISupportedInterfaceOrientations = UIInterfaceOrientationPortrait;
				IPHONEOS_DEPLOYMENT_TARGET = 15.0;
				LD_RUNPATH_SEARCH_PATHS = (
					"$(inherited)",
					"@executable_path/Frameworks",
				);
				MARKETING_VERSION = 1.0;
				PRODUCT_BUNDLE_IDENTIFIER = com.yeoyeo.PickPic;
				PRODUCT_NAME = "$(TARGET_NAME)";
				SUPPORTED_PLATFORMS = "iphoneos iphonesimulator";
				SUPPORTS_MACCATALYST = NO;
				SUPPORTS_MAC_DESIGNED_FOR_IPHONE_IPAD = NO;
				SUPPORTS_XR_DESIGNED_FOR_IPHONE_IPAD = NO;
				SWIFT_EMIT_LOC_STRINGS = YES;
				SWIFT_VERSION = 5.0;
				TARGETED_DEVICE_FAMILY = 1;
			};
			name = Release;
		};
/* End XCBuildConfiguration section */

/* Begin XCConfigurationList section */
		A096BE092C4E4E4600F6026D /* Build configuration list for PBXProject "PickPic" */ = {
			isa = XCConfigurationList;
			buildConfigurations = (
				A096BE202C4E4E4800F6026D /* Debug */,
				A096BE212C4E4E4800F6026D /* Release */,
			);
			defaultConfigurationIsVisible = 0;
			defaultConfigurationName = Release;
		};
		A096BE222C4E4E4800F6026D /* Build configuration list for PBXNativeTarget "PickPic" */ = {
			isa = XCConfigurationList;
			buildConfigurations = (
				A096BE232C4E4E4800F6026D /* Debug */,
				A096BE242C4E4E4800F6026D /* Release */,
			);
			defaultConfigurationIsVisible = 0;
			defaultConfigurationName = Release;
		};
/* End XCConfigurationList section */

/* Begin XCRemoteSwiftPackageReference section */
		A0D1EAAC2C4FF0D9006C3CC6 /* XCRemoteSwiftPackageReference "SnapKit" */ = {
			isa = XCRemoteSwiftPackageReference;
			repositoryURL = "https://github.com/SnapKit/SnapKit.git";
			requirement = {
				kind = upToNextMajorVersion;
				minimumVersion = 5.7.1;
			};
		};
		A0D1EAAF2C4FF0E1006C3CC6 /* XCRemoteSwiftPackageReference "Kingfisher" */ = {
			isa = XCRemoteSwiftPackageReference;
			repositoryURL = "https://github.com/onevcat/Kingfisher.git";
			requirement = {
				kind = upToNextMajorVersion;
				minimumVersion = 7.12.0;
			};
		};
		A0D1EAB22C4FF0EE006C3CC6 /* XCRemoteSwiftPackageReference "Alamofire" */ = {
			isa = XCRemoteSwiftPackageReference;
			repositoryURL = "https://github.com/Alamofire/Alamofire.git";
			requirement = {
				kind = upToNextMajorVersion;
				minimumVersion = 5.9.1;
			};
		};
		A0D1EAF12C51ADC5006C3CC6 /* XCRemoteSwiftPackageReference "realm-swift" */ = {
			isa = XCRemoteSwiftPackageReference;
			repositoryURL = "https://github.com/realm/realm-swift.git";
			requirement = {
				kind = exactVersion;
				version = 10.52.1;
			};
		};
/* End XCRemoteSwiftPackageReference section */

/* Begin XCSwiftPackageProductDependency section */
		A0D1EAAD2C4FF0D9006C3CC6 /* SnapKit */ = {
			isa = XCSwiftPackageProductDependency;
			package = A0D1EAAC2C4FF0D9006C3CC6 /* XCRemoteSwiftPackageReference "SnapKit" */;
			productName = SnapKit;
		};
		A0D1EAB02C4FF0E1006C3CC6 /* Kingfisher */ = {
			isa = XCSwiftPackageProductDependency;
			package = A0D1EAAF2C4FF0E1006C3CC6 /* XCRemoteSwiftPackageReference "Kingfisher" */;
			productName = Kingfisher;
		};
		A0D1EAB32C4FF0EE006C3CC6 /* Alamofire */ = {
			isa = XCSwiftPackageProductDependency;
			package = A0D1EAB22C4FF0EE006C3CC6 /* XCRemoteSwiftPackageReference "Alamofire" */;
			productName = Alamofire;
		};
		A0D1EAF22C51ADC5006C3CC6 /* RealmSwift */ = {
			isa = XCSwiftPackageProductDependency;
			package = A0D1EAF12C51ADC5006C3CC6 /* XCRemoteSwiftPackageReference "realm-swift" */;
			productName = RealmSwift;
		};
/* End XCSwiftPackageProductDependency section */
	};
	rootObject = A096BE062C4E4E4600F6026D /* Project object */;
}
